
Microsoft Visual Studio Solution File, Format Version 12.00
# Visual Studio Version 16
VisualStudioVersion = 16.0.30011.22
MinimumVisualStudioVersion = 10.0.40219.1
Project("{9A19103F-16F7-4668-BE54-9A1E7A4F7556}") = "MyVet.Common", "MyVet.Common\MyVet.Common.csproj", "{5E3CBD22-BDB5-49CC-B95E-46DA05AEA5F6}"
EndProject
Project("{9A19103F-16F7-4668-BE54-9A1E7A4F7556}") = "MyVet.Web", "MyVet.Web\MyVet.Web.csproj", "{AE02B000-0DC3-4FFC-9414-5B7CC90A3FB9}"
EndProject
Project("{FAE04EC0-301F-11D3-BF4B-00C04F79EFBC}") = "MyVet.Prism", "MyVet.Prism\MyVet.Prism\MyVet.Prism.csproj", "{60486AF1-AB7D-44E0-A64B-9B788460FDA6}"
EndProject
Project("{FAE04EC0-301F-11D3-BF4B-00C04F79EFBC}") = "MyVet.Prism.Android", "MyVet.Prism\MyVet.Prism.Android\MyVet.Prism.Android.csproj", "{33BAB09D-F46E-40F6-A7A1-30FE6C0D517F}"
EndProject
Project("{FAE04EC0-301F-11D3-BF4B-00C04F79EFBC}") = "MyVet.Prism.iOS", "MyVet.Prism\MyVet.Prism.iOS\MyVet.Prism.iOS.csproj", "{386CF08B-FA32-4943-A0FF-683BC6907BB9}"
EndProject
Project("{FAE04EC0-301F-11D3-BF4B-00C04F79EFBC}") = "MyVet.Prism.UWP", "MyVet.Prism\MyVet.Prism.UWP\MyVet.Prism.UWP.csproj", "{63296206-6792-41E7-9E1B-4562DC8C469D}"
EndProject
Global
	GlobalSection(SolutionConfigurationPlatforms) = preSolution
		Ad-Hoc|Any CPU = Ad-Hoc|Any CPU
		Ad-Hoc|ARM = Ad-Hoc|ARM
		Ad-Hoc|iPhone = Ad-Hoc|iPhone
		Ad-Hoc|iPhoneSimulator = Ad-Hoc|iPhoneSimulator
		Ad-Hoc|x64 = Ad-Hoc|x64
		Ad-Hoc|x86 = Ad-Hoc|x86
		AppStore|Any CPU = AppStore|Any CPU
		AppStore|ARM = AppStore|ARM
		AppStore|iPhone = AppStore|iPhone
		AppStore|iPhoneSimulator = AppStore|iPhoneSimulator
		AppStore|x64 = AppStore|x64
		AppStore|x86 = AppStore|x86
		Debug|Any CPU = Debug|Any CPU
		Debug|ARM = Debug|ARM
		Debug|iPhone = Debug|iPhone
		Debug|iPhoneSimulator = Debug|iPhoneSimulator
		Debug|x64 = Debug|x64
		Debug|x86 = Debug|x86
		Release|Any CPU = Release|Any CPU
		Release|ARM = Release|ARM
		Release|iPhone = Release|iPhone
		Release|iPhoneSimulator = Release|iPhoneSimulator
		Release|x64 = Release|x64
		Release|x86 = Release|x86
	EndGlobalSection
	GlobalSection(ProjectConfigurationPlatforms) = postSolution
		{5E3CBD22-BDB5-49CC-B95E-46DA05AEA5F6}.Ad-Hoc|Any CPU.ActiveCfg = Release|Any CPU
		{5E3CBD22-BDB5-49CC-B95E-46DA05AEA5F6}.Ad-Hoc|Any CPU.Build.0 = Release|Any CPU
		{5E3CBD22-BDB5-49CC-B95E-46DA05AEA5F6}.Ad-Hoc|ARM.ActiveCfg = Release|Any CPU
		{5E3CBD22-BDB5-49CC-B95E-46DA05AEA5F6}.Ad-Hoc|ARM.Build.0 = Release|Any CPU
		{5E3CBD22-BDB5-49CC-B95E-46DA05AEA5F6}.Ad-Hoc|iPhone.ActiveCfg = Release|Any CPU
		{5E3CBD22-BDB5-49CC-B95E-46DA05AEA5F6}.Ad-Hoc|iPhone.Build.0 = Release|Any CPU
		{5E3CBD22-BDB5-49CC-B95E-46DA05AEA5F6}.Ad-Hoc|iPhoneSimulator.ActiveCfg = Release|Any CPU
		{5E3CBD22-BDB5-49CC-B95E-46DA05AEA5F6}.Ad-Hoc|iPhoneSimulator.Build.0 = Release|Any CPU
		{5E3CBD22-BDB5-49CC-B95E-46DA05AEA5F6}.Ad-Hoc|x64.ActiveCfg = Release|Any CPU
		{5E3CBD22-BDB5-49CC-B95E-46DA05AEA5F6}.Ad-Hoc|x64.Build.0 = Release|Any CPU
		{5E3CBD22-BDB5-49CC-B95E-46DA05AEA5F6}.Ad-Hoc|x86.ActiveCfg = Release|Any CPU
		{5E3CBD22-BDB5-49CC-B95E-46DA05AEA5F6}.Ad-Hoc|x86.Build.0 = Release|Any CPU
		{5E3CBD22-BDB5-49CC-B95E-46DA05AEA5F6}.AppStore|Any CPU.ActiveCfg = Release|Any CPU
		{5E3CBD22-BDB5-49CC-B95E-46DA05AEA5F6}.AppStore|Any CPU.Build.0 = Release|Any CPU
		{5E3CBD22-BDB5-49CC-B95E-46DA05AEA5F6}.AppStore|ARM.ActiveCfg = Release|Any CPU
		{5E3CBD22-BDB5-49CC-B95E-46DA05AEA5F6}.AppStore|ARM.Build.0 = Release|Any CPU
		{5E3CBD22-BDB5-49CC-B95E-46DA05AEA5F6}.AppStore|iPhone.ActiveCfg = Release|Any CPU
		{5E3CBD22-BDB5-49CC-B95E-46DA05AEA5F6}.AppStore|iPhone.Build.0 = Release|Any CPU
		{5E3CBD22-BDB5-49CC-B95E-46DA05AEA5F6}.AppStore|iPhoneSimulator.ActiveCfg = Release|Any CPU
		{5E3CBD22-BDB5-49CC-B95E-46DA05AEA5F6}.AppStore|iPhoneSimulator.Build.0 = Release|Any CPU
		{5E3CBD22-BDB5-49CC-B95E-46DA05AEA5F6}.AppStore|x64.ActiveCfg = Release|Any CPU
		{5E3CBD22-BDB5-49CC-B95E-46DA05AEA5F6}.AppStore|x64.Build.0 = Release|Any CPU
		{5E3CBD22-BDB5-49CC-B95E-46DA05AEA5F6}.AppStore|x86.ActiveCfg = Release|Any CPU
		{5E3CBD22-BDB5-49CC-B95E-46DA05AEA5F6}.AppStore|x86.Build.0 = Release|Any CPU
		{5E3CBD22-BDB5-49CC-B95E-46DA05AEA5F6}.Debug|Any CPU.ActiveCfg = Debug|Any CPU
		{5E3CBD22-BDB5-49CC-B95E-46DA05AEA5F6}.Debug|Any CPU.Build.0 = Debug|Any CPU
		{5E3CBD22-BDB5-49CC-B95E-46DA05AEA5F6}.Debug|ARM.ActiveCfg = Debug|Any CPU
		{5E3CBD22-BDB5-49CC-B95E-46DA05AEA5F6}.Debug|ARM.Build.0 = Debug|Any CPU
		{5E3CBD22-BDB5-49CC-B95E-46DA05AEA5F6}.Debug|iPhone.ActiveCfg = Debug|Any CPU
		{5E3CBD22-BDB5-49CC-B95E-46DA05AEA5F6}.Debug|iPhone.Build.0 = Debug|Any CPU
		{5E3CBD22-BDB5-49CC-B95E-46DA05AEA5F6}.Debug|iPhoneSimulator.ActiveCfg = Debug|Any CPU
		{5E3CBD22-BDB5-49CC-B95E-46DA05AEA5F6}.Debug|iPhoneSimulator.Build.0 = Debug|Any CPU
		{5E3CBD22-BDB5-49CC-B95E-46DA05AEA5F6}.Debug|x64.ActiveCfg = Debug|Any CPU
		{5E3CBD22-BDB5-49CC-B95E-46DA05AEA5F6}.Debug|x64.Build.0 = Debug|Any CPU
		{5E3CBD22-BDB5-49CC-B95E-46DA05AEA5F6}.Debug|x86.ActiveCfg = Debug|Any CPU
		{5E3CBD22-BDB5-49CC-B95E-46DA05AEA5F6}.Debug|x86.Build.0 = Debug|Any CPU
		{5E3CBD22-BDB5-49CC-B95E-46DA05AEA5F6}.Release|Any CPU.ActiveCfg = Release|Any CPU
		{5E3CBD22-BDB5-49CC-B95E-46DA05AEA5F6}.Release|Any CPU.Build.0 = Release|Any CPU
		{5E3CBD22-BDB5-49CC-B95E-46DA05AEA5F6}.Release|ARM.ActiveCfg = Release|Any CPU
		{5E3CBD22-BDB5-49CC-B95E-46DA05AEA5F6}.Release|ARM.Build.0 = Release|Any CPU
		{5E3CBD22-BDB5-49CC-B95E-46DA05AEA5F6}.Release|iPhone.ActiveCfg = Release|Any CPU
		{5E3CBD22-BDB5-49CC-B95E-46DA05AEA5F6}.Release|iPhone.Build.0 = Release|Any CPU
		{5E3CBD22-BDB5-49CC-B95E-46DA05AEA5F6}.Release|iPhoneSimulator.ActiveCfg = Release|Any CPU
		{5E3CBD22-BDB5-49CC-B95E-46DA05AEA5F6}.Release|iPhoneSimulator.Build.0 = Release|Any CPU
		{5E3CBD22-BDB5-49CC-B95E-46DA05AEA5F6}.Release|x64.ActiveCfg = Release|Any CPU
		{5E3CBD22-BDB5-49CC-B95E-46DA05AEA5F6}.Release|x64.Build.0 = Release|Any CPU
		{5E3CBD22-BDB5-49CC-B95E-46DA05AEA5F6}.Release|x86.ActiveCfg = Release|Any CPU
		{5E3CBD22-BDB5-49CC-B95E-46DA05AEA5F6}.Release|x86.Build.0 = Release|Any CPU
		{AE02B000-0DC3-4FFC-9414-5B7CC90A3FB9}.Ad-Hoc|Any CPU.ActiveCfg = Release|Any CPU
		{AE02B000-0DC3-4FFC-9414-5B7CC90A3FB9}.Ad-Hoc|Any CPU.Build.0 = Release|Any CPU
		{AE02B000-0DC3-4FFC-9414-5B7CC90A3FB9}.Ad-Hoc|ARM.ActiveCfg = Release|Any CPU
		{AE02B000-0DC3-4FFC-9414-5B7CC90A3FB9}.Ad-Hoc|ARM.Build.0 = Release|Any CPU
		{AE02B000-0DC3-4FFC-9414-5B7CC90A3FB9}.Ad-Hoc|iPhone.ActiveCfg = Release|Any CPU
		{AE02B000-0DC3-4FFC-9414-5B7CC90A3FB9}.Ad-Hoc|iPhone.Build.0 = Release|Any CPU
		{AE02B000-0DC3-4FFC-9414-5B7CC90A3FB9}.Ad-Hoc|iPhoneSimulator.ActiveCfg = Release|Any CPU
		{AE02B000-0DC3-4FFC-9414-5B7CC90A3FB9}.Ad-Hoc|iPhoneSimulator.Build.0 = Release|Any CPU
		{AE02B000-0DC3-4FFC-9414-5B7CC90A3FB9}.Ad-Hoc|x64.ActiveCfg = Release|Any CPU
		{AE02B000-0DC3-4FFC-9414-5B7CC90A3FB9}.Ad-Hoc|x64.Build.0 = Release|Any CPU
		{AE02B000-0DC3-4FFC-9414-5B7CC90A3FB9}.Ad-Hoc|x86.ActiveCfg = Release|Any CPU
		{AE02B000-0DC3-4FFC-9414-5B7CC90A3FB9}.Ad-Hoc|x86.Build.0 = Release|Any CPU
		{AE02B000-0DC3-4FFC-9414-5B7CC90A3FB9}.AppStore|Any CPU.ActiveCfg = Release|Any CPU
		{AE02B000-0DC3-4FFC-9414-5B7CC90A3FB9}.AppStore|Any CPU.Build.0 = Release|Any CPU
		{AE02B000-0DC3-4FFC-9414-5B7CC90A3FB9}.AppStore|ARM.ActiveCfg = Release|Any CPU
		{AE02B000-0DC3-4FFC-9414-5B7CC90A3FB9}.AppStore|ARM.Build.0 = Release|Any CPU
		{AE02B000-0DC3-4FFC-9414-5B7CC90A3FB9}.AppStore|iPhone.ActiveCfg = Release|Any CPU
		{AE02B000-0DC3-4FFC-9414-5B7CC90A3FB9}.AppStore|iPhone.Build.0 = Release|Any CPU
		{AE02B000-0DC3-4FFC-9414-5B7CC90A3FB9}.AppStore|iPhoneSimulator.ActiveCfg = Release|Any CPU
		{AE02B000-0DC3-4FFC-9414-5B7CC90A3FB9}.AppStore|iPhoneSimulator.Build.0 = Release|Any CPU
		{AE02B000-0DC3-4FFC-9414-5B7CC90A3FB9}.AppStore|x64.ActiveCfg = Release|Any CPU
		{AE02B000-0DC3-4FFC-9414-5B7CC90A3FB9}.AppStore|x64.Build.0 = Release|Any CPU
		{AE02B000-0DC3-4FFC-9414-5B7CC90A3FB9}.AppStore|x86.ActiveCfg = Release|Any CPU
		{AE02B000-0DC3-4FFC-9414-5B7CC90A3FB9}.AppStore|x86.Build.0 = Release|Any CPU
		{AE02B000-0DC3-4FFC-9414-5B7CC90A3FB9}.Debug|Any CPU.ActiveCfg = Debug|Any CPU
		{AE02B000-0DC3-4FFC-9414-5B7CC90A3FB9}.Debug|Any CPU.Build.0 = Debug|Any CPU
		{AE02B000-0DC3-4FFC-9414-5B7CC90A3FB9}.Debug|ARM.ActiveCfg = Debug|Any CPU
		{AE02B000-0DC3-4FFC-9414-5B7CC90A3FB9}.Debug|ARM.Build.0 = Debug|Any CPU
		{AE02B000-0DC3-4FFC-9414-5B7CC90A3FB9}.Debug|iPhone.ActiveCfg = Debug|Any CPU
		{AE02B000-0DC3-4FFC-9414-5B7CC90A3FB9}.Debug|iPhone.Build.0 = Debug|Any CPU
		{AE02B000-0DC3-4FFC-9414-5B7CC90A3FB9}.Debug|iPhoneSimulator.ActiveCfg = Debug|Any CPU
		{AE02B000-0DC3-4FFC-9414-5B7CC90A3FB9}.Debug|iPhoneSimulator.Build.0 = Debug|Any CPU
		{AE02B000-0DC3-4FFC-9414-5B7CC90A3FB9}.Debug|x64.ActiveCfg = Debug|Any CPU
		{AE02B000-0DC3-4FFC-9414-5B7CC90A3FB9}.Debug|x64.Build.0 = Debug|Any CPU
		{AE02B000-0DC3-4FFC-9414-5B7CC90A3FB9}.Debug|x86.ActiveCfg = Debug|Any CPU
		{AE02B000-0DC3-4FFC-9414-5B7CC90A3FB9}.Debug|x86.Build.0 = Debug|Any CPU
		{AE02B000-0DC3-4FFC-9414-5B7CC90A3FB9}.Release|Any CPU.ActiveCfg = Release|Any CPU
		{AE02B000-0DC3-4FFC-9414-5B7CC90A3FB9}.Release|Any CPU.Build.0 = Release|Any CPU
		{AE02B000-0DC3-4FFC-9414-5B7CC90A3FB9}.Release|ARM.ActiveCfg = Release|Any CPU
		{AE02B000-0DC3-4FFC-9414-5B7CC90A3FB9}.Release|ARM.Build.0 = Release|Any CPU
		{AE02B000-0DC3-4FFC-9414-5B7CC90A3FB9}.Release|iPhone.ActiveCfg = Release|Any CPU
		{AE02B000-0DC3-4FFC-9414-5B7CC90A3FB9}.Release|iPhone.Build.0 = Release|Any CPU
		{AE02B000-0DC3-4FFC-9414-5B7CC90A3FB9}.Release|iPhoneSimulator.ActiveCfg = Release|Any CPU
		{AE02B000-0DC3-4FFC-9414-5B7CC90A3FB9}.Release|iPhoneSimulator.Build.0 = Release|Any CPU
		{AE02B000-0DC3-4FFC-9414-5B7CC90A3FB9}.Release|x64.ActiveCfg = Release|Any CPU
		{AE02B000-0DC3-4FFC-9414-5B7CC90A3FB9}.Release|x64.Build.0 = Release|Any CPU
		{AE02B000-0DC3-4FFC-9414-5B7CC90A3FB9}.Release|x86.ActiveCfg = Release|Any CPU
		{AE02B000-0DC3-4FFC-9414-5B7CC90A3FB9}.Release|x86.Build.0 = Release|Any CPU
		{60486AF1-AB7D-44E0-A64B-9B788460FDA6}.Ad-Hoc|Any CPU.ActiveCfg = Debug|Any CPU
		{60486AF1-AB7D-44E0-A64B-9B788460FDA6}.Ad-Hoc|Any CPU.Build.0 = Debug|Any CPU
		{60486AF1-AB7D-44E0-A64B-9B788460FDA6}.Ad-Hoc|ARM.ActiveCfg = Debug|Any CPU
		{60486AF1-AB7D-44E0-A64B-9B788460FDA6}.Ad-Hoc|ARM.Build.0 = Debug|Any CPU
		{60486AF1-AB7D-44E0-A64B-9B788460FDA6}.Ad-Hoc|iPhone.ActiveCfg = Debug|Any CPU
		{60486AF1-AB7D-44E0-A64B-9B788460FDA6}.Ad-Hoc|iPhone.Build.0 = Debug|Any CPU
		{60486AF1-AB7D-44E0-A64B-9B788460FDA6}.Ad-Hoc|iPhoneSimulator.ActiveCfg = Debug|Any CPU
		{60486AF1-AB7D-44E0-A64B-9B788460FDA6}.Ad-Hoc|iPhoneSimulator.Build.0 = Debug|Any CPU
		{60486AF1-AB7D-44E0-A64B-9B788460FDA6}.Ad-Hoc|x64.ActiveCfg = Debug|Any CPU
		{60486AF1-AB7D-44E0-A64B-9B788460FDA6}.Ad-Hoc|x64.Build.0 = Debug|Any CPU
		{60486AF1-AB7D-44E0-A64B-9B788460FDA6}.Ad-Hoc|x86.ActiveCfg = Debug|Any CPU
		{60486AF1-AB7D-44E0-A64B-9B788460FDA6}.Ad-Hoc|x86.Build.0 = Debug|Any CPU
		{60486AF1-AB7D-44E0-A64B-9B788460FDA6}.AppStore|Any CPU.ActiveCfg = Debug|Any CPU
		{60486AF1-AB7D-44E0-A64B-9B788460FDA6}.AppStore|Any CPU.Build.0 = Debug|Any CPU
		{60486AF1-AB7D-44E0-A64B-9B788460FDA6}.AppStore|ARM.ActiveCfg = Debug|Any CPU
		{60486AF1-AB7D-44E0-A64B-9B788460FDA6}.AppStore|ARM.Build.0 = Debug|Any CPU
		{60486AF1-AB7D-44E0-A64B-9B788460FDA6}.AppStore|iPhone.ActiveCfg = Debug|Any CPU
		{60486AF1-AB7D-44E0-A64B-9B788460FDA6}.AppStore|iPhone.Build.0 = Debug|Any CPU
		{60486AF1-AB7D-44E0-A64B-9B788460FDA6}.AppStore|iPhoneSimulator.ActiveCfg = Debug|Any CPU
		{60486AF1-AB7D-44E0-A64B-9B788460FDA6}.AppStore|iPhoneSimulator.Build.0 = Debug|Any CPU
		{60486AF1-AB7D-44E0-A64B-9B788460FDA6}.AppStore|x64.ActiveCfg = Debug|Any CPU
		{60486AF1-AB7D-44E0-A64B-9B788460FDA6}.AppStore|x64.Build.0 = Debug|Any CPU
		{60486AF1-AB7D-44E0-A64B-9B788460FDA6}.AppStore|x86.ActiveCfg = Debug|Any CPU
		{60486AF1-AB7D-44E0-A64B-9B788460FDA6}.AppStore|x86.Build.0 = Debug|Any CPU
		{60486AF1-AB7D-44E0-A64B-9B788460FDA6}.Debug|Any CPU.ActiveCfg = Debug|Any CPU
		{60486AF1-AB7D-44E0-A64B-9B788460FDA6}.Debug|Any CPU.Build.0 = Debug|Any CPU
		{60486AF1-AB7D-44E0-A64B-9B788460FDA6}.Debug|ARM.ActiveCfg = Debug|Any CPU
		{60486AF1-AB7D-44E0-A64B-9B788460FDA6}.Debug|ARM.Build.0 = Debug|Any CPU
		{60486AF1-AB7D-44E0-A64B-9B788460FDA6}.Debug|iPhone.ActiveCfg = Debug|Any CPU
		{60486AF1-AB7D-44E0-A64B-9B788460FDA6}.Debug|iPhone.Build.0 = Debug|Any CPU
		{60486AF1-AB7D-44E0-A64B-9B788460FDA6}.Debug|iPhoneSimulator.ActiveCfg = Debug|Any CPU
		{60486AF1-AB7D-44E0-A64B-9B788460FDA6}.Debug|iPhoneSimulator.Build.0 = Debug|Any CPU
		{60486AF1-AB7D-44E0-A64B-9B788460FDA6}.Debug|x64.ActiveCfg = Debug|Any CPU
		{60486AF1-AB7D-44E0-A64B-9B788460FDA6}.Debug|x64.Build.0 = Debug|Any CPU
		{60486AF1-AB7D-44E0-A64B-9B788460FDA6}.Debug|x86.ActiveCfg = Debug|Any CPU
		{60486AF1-AB7D-44E0-A64B-9B788460FDA6}.Debug|x86.Build.0 = Debug|Any CPU
		{60486AF1-AB7D-44E0-A64B-9B788460FDA6}.Release|Any CPU.ActiveCfg = Release|Any CPU
		{60486AF1-AB7D-44E0-A64B-9B788460FDA6}.Release|Any CPU.Build.0 = Release|Any CPU
		{60486AF1-AB7D-44E0-A64B-9B788460FDA6}.Release|ARM.ActiveCfg = Release|Any CPU
		{60486AF1-AB7D-44E0-A64B-9B788460FDA6}.Release|ARM.Build.0 = Release|Any CPU
		{60486AF1-AB7D-44E0-A64B-9B788460FDA6}.Release|iPhone.ActiveCfg = Release|Any CPU
		{60486AF1-AB7D-44E0-A64B-9B788460FDA6}.Release|iPhone.Build.0 = Release|Any CPU
		{60486AF1-AB7D-44E0-A64B-9B788460FDA6}.Release|iPhoneSimulator.ActiveCfg = Release|Any CPU
		{60486AF1-AB7D-44E0-A64B-9B788460FDA6}.Release|iPhoneSimulator.Build.0 = Release|Any CPU
		{60486AF1-AB7D-44E0-A64B-9B788460FDA6}.Release|x64.ActiveCfg = Release|Any CPU
		{60486AF1-AB7D-44E0-A64B-9B788460FDA6}.Release|x64.Build.0 = Release|Any CPU
		{60486AF1-AB7D-44E0-A64B-9B788460FDA6}.Release|x86.ActiveCfg = Release|Any CPU
		{60486AF1-AB7D-44E0-A64B-9B788460FDA6}.Release|x86.Build.0 = Release|Any CPU
		{33BAB09D-F46E-40F6-A7A1-30FE6C0D517F}.Ad-Hoc|Any CPU.ActiveCfg = Release|Any CPU
		{33BAB09D-F46E-40F6-A7A1-30FE6C0D517F}.Ad-Hoc|Any CPU.Build.0 = Release|Any CPU
		{33BAB09D-F46E-40F6-A7A1-30FE6C0D517F}.Ad-Hoc|Any CPU.Deploy.0 = Release|Any CPU
		{33BAB09D-F46E-40F6-A7A1-30FE6C0D517F}.Ad-Hoc|ARM.ActiveCfg = Release|Any CPU
		{33BAB09D-F46E-40F6-A7A1-30FE6C0D517F}.Ad-Hoc|ARM.Build.0 = Release|Any CPU
		{33BAB09D-F46E-40F6-A7A1-30FE6C0D517F}.Ad-Hoc|ARM.Deploy.0 = Release|Any CPU
		{33BAB09D-F46E-40F6-A7A1-30FE6C0D517F}.Ad-Hoc|iPhone.ActiveCfg = Release|Any CPU
		{33BAB09D-F46E-40F6-A7A1-30FE6C0D517F}.Ad-Hoc|iPhone.Build.0 = Release|Any CPU
		{33BAB09D-F46E-40F6-A7A1-30FE6C0D517F}.Ad-Hoc|iPhone.Deploy.0 = Release|Any CPU
		{33BAB09D-F46E-40F6-A7A1-30FE6C0D517F}.Ad-Hoc|iPhoneSimulator.ActiveCfg = Release|Any CPU
		{33BAB09D-F46E-40F6-A7A1-30FE6C0D517F}.Ad-Hoc|iPhoneSimulator.Build.0 = Release|Any CPU
		{33BAB09D-F46E-40F6-A7A1-30FE6C0D517F}.Ad-Hoc|iPhoneSimulator.Deploy.0 = Release|Any CPU
		{33BAB09D-F46E-40F6-A7A1-30FE6C0D517F}.Ad-Hoc|x64.ActiveCfg = Release|Any CPU
		{33BAB09D-F46E-40F6-A7A1-30FE6C0D517F}.Ad-Hoc|x64.Build.0 = Release|Any CPU
		{33BAB09D-F46E-40F6-A7A1-30FE6C0D517F}.Ad-Hoc|x64.Deploy.0 = Release|Any CPU
		{33BAB09D-F46E-40F6-A7A1-30FE6C0D517F}.Ad-Hoc|x86.ActiveCfg = Release|Any CPU
		{33BAB09D-F46E-40F6-A7A1-30FE6C0D517F}.Ad-Hoc|x86.Build.0 = Release|Any CPU
		{33BAB09D-F46E-40F6-A7A1-30FE6C0D517F}.Ad-Hoc|x86.Deploy.0 = Release|Any CPU
		{33BAB09D-F46E-40F6-A7A1-30FE6C0D517F}.AppStore|Any CPU.ActiveCfg = Release|Any CPU
		{33BAB09D-F46E-40F6-A7A1-30FE6C0D517F}.AppStore|Any CPU.Build.0 = Release|Any CPU
		{33BAB09D-F46E-40F6-A7A1-30FE6C0D517F}.AppStore|Any CPU.Deploy.0 = Release|Any CPU
		{33BAB09D-F46E-40F6-A7A1-30FE6C0D517F}.AppStore|ARM.ActiveCfg = Release|Any CPU
		{33BAB09D-F46E-40F6-A7A1-30FE6C0D517F}.AppStore|ARM.Build.0 = Release|Any CPU
		{33BAB09D-F46E-40F6-A7A1-30FE6C0D517F}.AppStore|ARM.Deploy.0 = Release|Any CPU
		{33BAB09D-F46E-40F6-A7A1-30FE6C0D517F}.AppStore|iPhone.ActiveCfg = Release|Any CPU
		{33BAB09D-F46E-40F6-A7A1-30FE6C0D517F}.AppStore|iPhone.Build.0 = Release|Any CPU
		{33BAB09D-F46E-40F6-A7A1-30FE6C0D517F}.AppStore|iPhone.Deploy.0 = Release|Any CPU
		{33BAB09D-F46E-40F6-A7A1-30FE6C0D517F}.AppStore|iPhoneSimulator.ActiveCfg = Release|Any CPU
		{33BAB09D-F46E-40F6-A7A1-30FE6C0D517F}.AppStore|iPhoneSimulator.Build.0 = Release|Any CPU
		{33BAB09D-F46E-40F6-A7A1-30FE6C0D517F}.AppStore|iPhoneSimulator.Deploy.0 = Release|Any CPU
		{33BAB09D-F46E-40F6-A7A1-30FE6C0D517F}.AppStore|x64.ActiveCfg = Release|Any CPU
		{33BAB09D-F46E-40F6-A7A1-30FE6C0D517F}.AppStore|x64.Build.0 = Release|Any CPU
		{33BAB09D-F46E-40F6-A7A1-30FE6C0D517F}.AppStore|x64.Deploy.0 = Release|Any CPU
		{33BAB09D-F46E-40F6-A7A1-30FE6C0D517F}.AppStore|x86.ActiveCfg = Release|Any CPU
		{33BAB09D-F46E-40F6-A7A1-30FE6C0D517F}.AppStore|x86.Build.0 = Release|Any CPU
		{33BAB09D-F46E-40F6-A7A1-30FE6C0D517F}.AppStore|x86.Deploy.0 = Release|Any CPU
		{33BAB09D-F46E-40F6-A7A1-30FE6C0D517F}.Debug|Any CPU.ActiveCfg = Debug|Any CPU
		{33BAB09D-F46E-40F6-A7A1-30FE6C0D517F}.Debug|Any CPU.Build.0 = Debug|Any CPU
		{33BAB09D-F46E-40F6-A7A1-30FE6C0D517F}.Debug|Any CPU.Deploy.0 = Debug|Any CPU
		{33BAB09D-F46E-40F6-A7A1-30FE6C0D517F}.Debug|ARM.ActiveCfg = Debug|Any CPU
		{33BAB09D-F46E-40F6-A7A1-30FE6C0D517F}.Debug|ARM.Build.0 = Debug|Any CPU
		{33BAB09D-F46E-40F6-A7A1-30FE6C0D517F}.Debug|ARM.Deploy.0 = Debug|Any CPU
		{33BAB09D-F46E-40F6-A7A1-30FE6C0D517F}.Debug|iPhone.ActiveCfg = Debug|Any CPU
		{33BAB09D-F46E-40F6-A7A1-30FE6C0D517F}.Debug|iPhone.Build.0 = Debug|Any CPU
		{33BAB09D-F46E-40F6-A7A1-30FE6C0D517F}.Debug|iPhone.Deploy.0 = Debug|Any CPU
		{33BAB09D-F46E-40F6-A7A1-30FE6C0D517F}.Debug|iPhoneSimulator.ActiveCfg = Debug|Any CPU
		{33BAB09D-F46E-40F6-A7A1-30FE6C0D517F}.Debug|iPhoneSimulator.Build.0 = Debug|Any CPU
		{33BAB09D-F46E-40F6-A7A1-30FE6C0D517F}.Debug|iPhoneSimulator.Deploy.0 = Debug|Any CPU
		{33BAB09D-F46E-40F6-A7A1-30FE6C0D517F}.Debug|x64.ActiveCfg = Debug|Any CPU
		{33BAB09D-F46E-40F6-A7A1-30FE6C0D517F}.Debug|x64.Build.0 = Debug|Any CPU
		{33BAB09D-F46E-40F6-A7A1-30FE6C0D517F}.Debug|x64.Deploy.0 = Debug|Any CPU
		{33BAB09D-F46E-40F6-A7A1-30FE6C0D517F}.Debug|x86.ActiveCfg = Debug|Any CPU
		{33BAB09D-F46E-40F6-A7A1-30FE6C0D517F}.Debug|x86.Build.0 = Debug|Any CPU
		{33BAB09D-F46E-40F6-A7A1-30FE6C0D517F}.Debug|x86.Deploy.0 = Debug|Any CPU
		{33BAB09D-F46E-40F6-A7A1-30FE6C0D517F}.Release|Any CPU.ActiveCfg = Release|Any CPU
		{33BAB09D-F46E-40F6-A7A1-30FE6C0D517F}.Release|Any CPU.Build.0 = Release|Any CPU
		{33BAB09D-F46E-40F6-A7A1-30FE6C0D517F}.Release|Any CPU.Deploy.0 = Release|Any CPU
		{33BAB09D-F46E-40F6-A7A1-30FE6C0D517F}.Release|ARM.ActiveCfg = Release|Any CPU
		{33BAB09D-F46E-40F6-A7A1-30FE6C0D517F}.Release|ARM.Build.0 = Release|Any CPU
		{33BAB09D-F46E-40F6-A7A1-30FE6C0D517F}.Release|ARM.Deploy.0 = Release|Any CPU
		{33BAB09D-F46E-40F6-A7A1-30FE6C0D517F}.Release|iPhone.ActiveCfg = Release|Any CPU
		{33BAB09D-F46E-40F6-A7A1-30FE6C0D517F}.Release|iPhone.Build.0 = Release|Any CPU
		{33BAB09D-F46E-40F6-A7A1-30FE6C0D517F}.Release|iPhone.Deploy.0 = Release|Any CPU
		{33BAB09D-F46E-40F6-A7A1-30FE6C0D517F}.Release|iPhoneSimulator.ActiveCfg = Release|Any CPU
		{33BAB09D-F46E-40F6-A7A1-30FE6C0D517F}.Release|iPhoneSimulator.Build.0 = Release|Any CPU
		{33BAB09D-F46E-40F6-A7A1-30FE6C0D517F}.Release|iPhoneSimulator.Deploy.0 = Release|Any CPU
		{33BAB09D-F46E-40F6-A7A1-30FE6C0D517F}.Release|x64.ActiveCfg = Release|Any CPU
		{33BAB09D-F46E-40F6-A7A1-30FE6C0D517F}.Release|x64.Build.0 = Release|Any CPU
		{33BAB09D-F46E-40F6-A7A1-30FE6C0D517F}.Release|x64.Deploy.0 = Release|Any CPU
		{33BAB09D-F46E-40F6-A7A1-30FE6C0D517F}.Release|x86.ActiveCfg = Release|Any CPU
		{33BAB09D-F46E-40F6-A7A1-30FE6C0D517F}.Release|x86.Build.0 = Release|Any CPU
		{33BAB09D-F46E-40F6-A7A1-30FE6C0D517F}.Release|x86.Deploy.0 = Release|Any CPU
		{386CF08B-FA32-4943-A0FF-683BC6907BB9}.Ad-Hoc|Any CPU.ActiveCfg = Ad-Hoc|iPhone
		{386CF08B-FA32-4943-A0FF-683BC6907BB9}.Ad-Hoc|ARM.ActiveCfg = Ad-Hoc|iPhone
		{386CF08B-FA32-4943-A0FF-683BC6907BB9}.Ad-Hoc|iPhone.ActiveCfg = Ad-Hoc|iPhone
		{386CF08B-FA32-4943-A0FF-683BC6907BB9}.Ad-Hoc|iPhone.Build.0 = Ad-Hoc|iPhone
		{386CF08B-FA32-4943-A0FF-683BC6907BB9}.Ad-Hoc|iPhoneSimulator.ActiveCfg = Ad-Hoc|iPhoneSimulator
		{386CF08B-FA32-4943-A0FF-683BC6907BB9}.Ad-Hoc|iPhoneSimulator.Build.0 = Ad-Hoc|iPhoneSimulator
		{386CF08B-FA32-4943-A0FF-683BC6907BB9}.Ad-Hoc|x64.ActiveCfg = Ad-Hoc|iPhone
		{386CF08B-FA32-4943-A0FF-683BC6907BB9}.Ad-Hoc|x86.ActiveCfg = Ad-Hoc|iPhone
		{386CF08B-FA32-4943-A0FF-683BC6907BB9}.AppStore|Any CPU.ActiveCfg = AppStore|iPhone
		{386CF08B-FA32-4943-A0FF-683BC6907BB9}.AppStore|ARM.ActiveCfg = AppStore|iPhone
		{386CF08B-FA32-4943-A0FF-683BC6907BB9}.AppStore|iPhone.ActiveCfg = AppStore|iPhone
		{386CF08B-FA32-4943-A0FF-683BC6907BB9}.AppStore|iPhone.Build.0 = AppStore|iPhone
		{386CF08B-FA32-4943-A0FF-683BC6907BB9}.AppStore|iPhoneSimulator.ActiveCfg = AppStore|iPhoneSimulator
		{386CF08B-FA32-4943-A0FF-683BC6907BB9}.AppStore|iPhoneSimulator.Build.0 = AppStore|iPhoneSimulator
		{386CF08B-FA32-4943-A0FF-683BC6907BB9}.AppStore|x64.ActiveCfg = AppStore|iPhone
		{386CF08B-FA32-4943-A0FF-683BC6907BB9}.AppStore|x86.ActiveCfg = AppStore|iPhone
		{386CF08B-FA32-4943-A0FF-683BC6907BB9}.Debug|Any CPU.ActiveCfg = Debug|iPhone
		{386CF08B-FA32-4943-A0FF-683BC6907BB9}.Debug|ARM.ActiveCfg = Debug|iPhone
		{386CF08B-FA32-4943-A0FF-683BC6907BB9}.Debug|iPhone.ActiveCfg = Debug|iPhone
		{386CF08B-FA32-4943-A0FF-683BC6907BB9}.Debug|iPhone.Build.0 = Debug|iPhone
		{386CF08B-FA32-4943-A0FF-683BC6907BB9}.Debug|iPhoneSimulator.ActiveCfg = Debug|iPhoneSimulator
		{386CF08B-FA32-4943-A0FF-683BC6907BB9}.Debug|iPhoneSimulator.Build.0 = Debug|iPhoneSimulator
		{386CF08B-FA32-4943-A0FF-683BC6907BB9}.Debug|x64.ActiveCfg = Debug|iPhone
		{386CF08B-FA32-4943-A0FF-683BC6907BB9}.Debug|x86.ActiveCfg = Debug|iPhone
		{386CF08B-FA32-4943-A0FF-683BC6907BB9}.Release|Any CPU.ActiveCfg = Release|iPhone
		{386CF08B-FA32-4943-A0FF-683BC6907BB9}.Release|ARM.ActiveCfg = Release|iPhone
		{386CF08B-FA32-4943-A0FF-683BC6907BB9}.Release|iPhone.ActiveCfg = Release|iPhone
		{386CF08B-FA32-4943-A0FF-683BC6907BB9}.Release|iPhone.Build.0 = Release|iPhone
		{386CF08B-FA32-4943-A0FF-683BC6907BB9}.Release|iPhoneSimulator.ActiveCfg = Release|iPhoneSimulator
		{386CF08B-FA32-4943-A0FF-683BC6907BB9}.Release|iPhoneSimulator.Build.0 = Release|iPhoneSimulator
		{386CF08B-FA32-4943-A0FF-683BC6907BB9}.Release|x64.ActiveCfg = Release|iPhone
		{386CF08B-FA32-4943-A0FF-683BC6907BB9}.Release|x86.ActiveCfg = Release|iPhone
		{63296206-6792-41E7-9E1B-4562DC8C469D}.Ad-Hoc|Any CPU.ActiveCfg = Release|x86
		{63296206-6792-41E7-9E1B-4562DC8C469D}.Ad-Hoc|Any CPU.Build.0 = Release|x86
		{63296206-6792-41E7-9E1B-4562DC8C469D}.Ad-Hoc|Any CPU.Deploy.0 = Release|x86
		{63296206-6792-41E7-9E1B-4562DC8C469D}.Ad-Hoc|ARM.ActiveCfg = Release|ARM
		{63296206-6792-41E7-9E1B-4562DC8C469D}.Ad-Hoc|ARM.Build.0 = Release|ARM
		{63296206-6792-41E7-9E1B-4562DC8C469D}.Ad-Hoc|ARM.Deploy.0 = Release|ARM
		{63296206-6792-41E7-9E1B-4562DC8C469D}.Ad-Hoc|iPhone.ActiveCfg = Release|x86
		{63296206-6792-41E7-9E1B-4562DC8C469D}.Ad-Hoc|iPhone.Build.0 = Release|x86
		{63296206-6792-41E7-9E1B-4562DC8C469D}.Ad-Hoc|iPhone.Deploy.0 = Release|x86
		{63296206-6792-41E7-9E1B-4562DC8C469D}.Ad-Hoc|iPhoneSimulator.ActiveCfg = Release|x86
		{63296206-6792-41E7-9E1B-4562DC8C469D}.Ad-Hoc|iPhoneSimulator.Build.0 = Release|x86
		{63296206-6792-41E7-9E1B-4562DC8C469D}.Ad-Hoc|iPhoneSimulator.Deploy.0 = Release|x86
		{63296206-6792-41E7-9E1B-4562DC8C469D}.Ad-Hoc|x64.ActiveCfg = Release|x64
		{63296206-6792-41E7-9E1B-4562DC8C469D}.Ad-Hoc|x64.Build.0 = Release|x64
		{63296206-6792-41E7-9E1B-4562DC8C469D}.Ad-Hoc|x64.Deploy.0 = Release|x64
		{63296206-6792-41E7-9E1B-4562DC8C469D}.Ad-Hoc|x86.ActiveCfg = Release|x86
		{63296206-6792-41E7-9E1B-4562DC8C469D}.Ad-Hoc|x86.Build.0 = Release|x86
		{63296206-6792-41E7-9E1B-4562DC8C469D}.Ad-Hoc|x86.Deploy.0 = Release|x86
		{63296206-6792-41E7-9E1B-4562DC8C469D}.AppStore|Any CPU.ActiveCfg = Release|x86
		{63296206-6792-41E7-9E1B-4562DC8C469D}.AppStore|Any CPU.Build.0 = Release|x86
		{63296206-6792-41E7-9E1B-4562DC8C469D}.AppStore|Any CPU.Deploy.0 = Release|x86
		{63296206-6792-41E7-9E1B-4562DC8C469D}.AppStore|ARM.ActiveCfg = Release|ARM
		{63296206-6792-41E7-9E1B-4562DC8C469D}.AppStore|ARM.Build.0 = Release|ARM
		{63296206-6792-41E7-9E1B-4562DC8C469D}.AppStore|ARM.Deploy.0 = Release|ARM
		{63296206-6792-41E7-9E1B-4562DC8C469D}.AppStore|iPhone.ActiveCfg = Release|x86
		{63296206-6792-41E7-9E1B-4562DC8C469D}.AppStore|iPhone.Build.0 = Release|x86
		{63296206-6792-41E7-9E1B-4562DC8C469D}.AppStore|iPhone.Deploy.0 = Release|x86
		{63296206-6792-41E7-9E1B-4562DC8C469D}.AppStore|iPhoneSimulator.ActiveCfg = Release|x86
		{63296206-6792-41E7-9E1B-4562DC8C469D}.AppStore|iPhoneSimulator.Build.0 = Release|x86
		{63296206-6792-41E7-9E1B-4562DC8C469D}.AppStore|iPhoneSimulator.Deploy.0 = Release|x86
		{63296206-6792-41E7-9E1B-4562DC8C469D}.AppStore|x64.ActiveCfg = Release|x64
		{63296206-6792-41E7-9E1B-4562DC8C469D}.AppStore|x64.Build.0 = Release|x64
		{63296206-6792-41E7-9E1B-4562DC8C469D}.AppStore|x64.Deploy.0 = Release|x64
		{63296206-6792-41E7-9E1B-4562DC8C469D}.AppStore|x86.ActiveCfg = Release|x86
		{63296206-6792-41E7-9E1B-4562DC8C469D}.AppStore|x86.Build.0 = Release|x86
		{63296206-6792-41E7-9E1B-4562DC8C469D}.AppStore|x86.Deploy.0 = Release|x86
		{63296206-6792-41E7-9E1B-4562DC8C469D}.Debug|Any CPU.ActiveCfg = Debug|x86
		{63296206-6792-41E7-9E1B-4562DC8C469D}.Debug|ARM.ActiveCfg = Debug|ARM
		{63296206-6792-41E7-9E1B-4562DC8C469D}.Debug|ARM.Build.0 = Debug|ARM
		{63296206-6792-41E7-9E1B-4562DC8C469D}.Debug|ARM.Deploy.0 = Debug|ARM
		{63296206-6792-41E7-9E1B-4562DC8C469D}.Debug|iPhone.ActiveCfg = Debug|x86
		{63296206-6792-41E7-9E1B-4562DC8C469D}.Debug|iPhoneSimulator.ActiveCfg = Debug|x86
		{63296206-6792-41E7-9E1B-4562DC8C469D}.Debug|x64.ActiveCfg = Debug|x64
		{63296206-6792-41E7-9E1B-4562DC8C469D}.Debug|x64.Build.0 = Debug|x64
		{63296206-6792-41E7-9E1B-4562DC8C469D}.Debug|x64.Deploy.0 = Debug|x64
		{63296206-6792-41E7-9E1B-4562DC8C469D}.Debug|x86.ActiveCfg = Debug|x86
		{63296206-6792-41E7-9E1B-4562DC8C469D}.Debug|x86.Build.0 = Debug|x86
		{63296206-6792-41E7-9E1B-4562DC8C469D}.Debug|x86.Deploy.0 = Debug|x86
		{63296206-6792-41E7-9E1B-4562DC8C469D}.Release|Any CPU.ActiveCfg = Release|x86
		{63296206-6792-41E7-9E1B-4562DC8C469D}.Release|ARM.ActiveCfg = Release|ARM
		{63296206-6792-41E7-9E1B-4562DC8C469D}.Release|ARM.Build.0 = Release|ARM
		{63296206-6792-41E7-9E1B-4562DC8C469D}.Release|ARM.Deploy.0 = Release|ARM
		{63296206-6792-41E7-9E1B-4562DC8C469D}.Release|iPhone.ActiveCfg = Release|x86
		{63296206-6792-41E7-9E1B-4562DC8C469D}.Release|iPhoneSimulator.ActiveCfg = Release|x86
		{63296206-6792-41E7-9E1B-4562DC8C469D}.Release|x64.ActiveCfg = Release|x64
		{63296206-6792-41E7-9E1B-4562DC8C469D}.Release|x64.Build.0 = Release|x64
		{63296206-6792-41E7-9E1B-4562DC8C469D}.Release|x64.Deploy.0 = Release|x64
		{63296206-6792-41E7-9E1B-4562DC8C469D}.Release|x86.ActiveCfg = Release|x86
		{63296206-6792-41E7-9E1B-4562DC8C469D}.Release|x86.Build.0 = Release|x86
		{63296206-6792-41E7-9E1B-4562DC8C469D}.Release|x86.Deploy.0 = Release|x86
	EndGlobalSection
	GlobalSection(SolutionProperties) = preSolution
		HideSolutionNode = FALSE
	EndGlobalSection
	GlobalSection(ExtensibilityGlobals) = postSolution
		SolutionGuid = {AC4B9B87-4CCA-427E-BB3B-7899252908C8}
	EndGlobalSection
EndGlobal
