
Microsoft Visual Studio Solution File, Format Version 12.00
# Visual Studio Version 16
VisualStudioVersion = 16.0.30011.22
MinimumVisualStudioVersion = 10.0.40219.1
Project("{FAE04EC0-301F-11D3-BF4B-00C04F79EFBC}") = "MyVet.Common", "MyVet.Common\MyVet.Common.csproj", "{5E3CBD22-BDB5-49CC-B95E-46DA05AEA5F6}"
EndProject
Project("{FAE04EC0-301F-11D3-BF4B-00C04F79EFBC}") = "MyVet.Web", "MyVet.Web\MyVet.Web.csproj", "{AE02B000-0DC3-4FFC-9414-5B7CC90A3FB9}"
EndProject
Global
	GlobalSection(SolutionConfigurationPlatforms) = preSolution
		Debug|Any CPU = Debug|Any CPU
		Release|Any CPU = Release|Any CPU
	EndGlobalSection
	GlobalSection(ProjectConfigurationPlatforms) = postSolution
		{5E3CBD22-BDB5-49CC-B95E-46DA05AEA5F6}.Debug|Any CPU.ActiveCfg = Debug|Any CPU
		{5E3CBD22-BDB5-49CC-B95E-46DA05AEA5F6}.Debug|Any CPU.Build.0 = Debug|Any CPU
		{5E3CBD22-BDB5-49CC-B95E-46DA05AEA5F6}.Release|Any CPU.ActiveCfg = Release|Any CPU
		{5E3CBD22-BDB5-49CC-B95E-46DA05AEA5F6}.Release|Any CPU.Build.0 = Release|Any CPU
		{AE02B000-0DC3-4FFC-9414-5B7CC90A3FB9}.Debug|Any CPU.ActiveCfg = Debug|Any CPU
		{AE02B000-0DC3-4FFC-9414-5B7CC90A3FB9}.Debug|Any CPU.Build.0 = Debug|Any CPU
		{AE02B000-0DC3-4FFC-9414-5B7CC90A3FB9}.Release|Any CPU.ActiveCfg = Release|Any CPU
		{AE02B000-0DC3-4FFC-9414-5B7CC90A3FB9}.Release|Any CPU.Build.0 = Release|Any CPU
	EndGlobalSection
	GlobalSection(SolutionProperties) = preSolution
		HideSolutionNode = FALSE
	EndGlobalSection
	GlobalSection(ExtensibilityGlobals) = postSolution
		SolutionGuid = {AC4B9B87-4CCA-427E-BB3B-7899252908C8}
	EndGlobalSection
EndGlobal
